
Microsoft Visual Studio Solution File, Format Version 12.00
# Visual Studio Version 17
VisualStudioVersion = 17.12.35521.163
MinimumVisualStudioVersion = 10.0.40219.1
Project("{FAE04EC0-301F-11D3-BF4B-00C04F79EFBC}") = "DiGi.GIS.Emgu.CV", "DiGi.GIS.Emgu.CV\DiGi.GIS.Emgu.CV.csproj", "{12AD08AA-BFA4-4AE0-87E2-3FD633C9EF8A}"
EndProject
Project("{FAE04EC0-301F-11D3-BF4B-00C04F79EFBC}") = "DiGi.GIS", "..\DiGi.GIS\DiGi.GIS\DiGi.GIS.csproj", "{3DBB364B-1240-451B-930B-E55CC6AA70C7}"
EndProject
Global
	GlobalSection(SolutionConfigurationPlatforms) = preSolution
		Debug|Any CPU = Debug|Any CPU
		Release|Any CPU = Release|Any CPU
	EndGlobalSection
	GlobalSection(ProjectConfigurationPlatforms) = postSolution
		{12AD08AA-BFA4-4AE0-87E2-3FD633C9EF8A}.Debug|Any CPU.ActiveCfg = Debug|Any CPU
		{12AD08AA-BFA4-4AE0-87E2-3FD633C9EF8A}.Debug|Any CPU.Build.0 = Debug|Any CPU
		{12AD08AA-BFA4-4AE0-87E2-3FD633C9EF8A}.Release|Any CPU.ActiveCfg = Release|Any CPU
		{12AD08AA-BFA4-4AE0-87E2-3FD633C9EF8A}.Release|Any CPU.Build.0 = Release|Any CPU
		{3DBB364B-1240-451B-930B-E55CC6AA70C7}.Debug|Any CPU.ActiveCfg = Debug|Any CPU
		{3DBB364B-1240-451B-930B-E55CC6AA70C7}.Debug|Any CPU.Build.0 = Debug|Any CPU
		{3DBB364B-1240-451B-930B-E55CC6AA70C7}.Release|Any CPU.ActiveCfg = Release|Any CPU
		{3DBB364B-1240-451B-930B-E55CC6AA70C7}.Release|Any CPU.Build.0 = Release|Any CPU
	EndGlobalSection
	GlobalSection(SolutionProperties) = preSolution
		HideSolutionNode = FALSE
	EndGlobalSection
EndGlobal
